
Microsoft Visual Studio Solution File, Format Version 12.00
# Visual Studio 2013
VisualStudioVersion = 12.0.40629.0
MinimumVisualStudioVersion = 10.0.40219.1
Project("{FAE04EC0-301F-11D3-BF4B-00C04F79EFBC}") = "FoodOrdering.WEB", "FoodOrdering.WEB\FoodOrdering.WEB.csproj", "{541CC1B2-462E-4C4F-BC33-8DE20380688C}"
EndProject
Project("{FAE04EC0-301F-11D3-BF4B-00C04F79EFBC}") = "FoodOrdering.DAL", "FoodOrdering.DAL\FoodOrdering.DAL.csproj", "{2C46AAC3-533A-48E6-928A-B9CE6B8DFCC0}"
EndProject
Project("{FAE04EC0-301F-11D3-BF4B-00C04F79EFBC}") = "FoodOrdering.BLL", "FoodOrdering.BLL\FoodOrdering.BLL.csproj", "{C01E0056-F86B-4541-BB22-7E32EDBD39FF}"
EndProject
Global
	GlobalSection(SolutionConfigurationPlatforms) = preSolution
		Debug|Any CPU = Debug|Any CPU
		Release|Any CPU = Release|Any CPU
	EndGlobalSection
	GlobalSection(ProjectConfigurationPlatforms) = postSolution
		{541CC1B2-462E-4C4F-BC33-8DE20380688C}.Debug|Any CPU.ActiveCfg = Debug|Any CPU
		{541CC1B2-462E-4C4F-BC33-8DE20380688C}.Debug|Any CPU.Build.0 = Debug|Any CPU
		{541CC1B2-462E-4C4F-BC33-8DE20380688C}.Release|Any CPU.ActiveCfg = Release|Any CPU
		{541CC1B2-462E-4C4F-BC33-8DE20380688C}.Release|Any CPU.Build.0 = Release|Any CPU
		{2C46AAC3-533A-48E6-928A-B9CE6B8DFCC0}.Debug|Any CPU.ActiveCfg = Debug|Any CPU
		{2C46AAC3-533A-48E6-928A-B9CE6B8DFCC0}.Debug|Any CPU.Build.0 = Debug|Any CPU
		{2C46AAC3-533A-48E6-928A-B9CE6B8DFCC0}.Release|Any CPU.ActiveCfg = Release|Any CPU
		{2C46AAC3-533A-48E6-928A-B9CE6B8DFCC0}.Release|Any CPU.Build.0 = Release|Any CPU
		{C01E0056-F86B-4541-BB22-7E32EDBD39FF}.Debug|Any CPU.ActiveCfg = Debug|Any CPU
		{C01E0056-F86B-4541-BB22-7E32EDBD39FF}.Debug|Any CPU.Build.0 = Debug|Any CPU
		{C01E0056-F86B-4541-BB22-7E32EDBD39FF}.Release|Any CPU.ActiveCfg = Release|Any CPU
		{C01E0056-F86B-4541-BB22-7E32EDBD39FF}.Release|Any CPU.Build.0 = Release|Any CPU
	EndGlobalSection
	GlobalSection(SolutionProperties) = preSolution
		HideSolutionNode = FALSE
	EndGlobalSection
EndGlobal
